{
  "name": "todoappreactiveangular",
  "version": "1.0.0",
  "lockfileVersion": 2,
  "requires": true,
  "packages": {
    "": {
      "name": "todoappreactiveangular",
      "version": "1.0.0",
      "license": "ISC",
      "dependencies": {
        "material-icons": "^0.7.6"
      }
    },
    "node_modules/material-icons": {
      "version": "0.7.6",
      "resolved": "https://registry.npmjs.org/material-icons/-/material-icons-0.7.6.tgz",
      "integrity": "sha512-jvMsSxU5PSlCkx+OxmBQtHMuzlbPYEhMZE69H/dDUXXXY4IHhFUZLm/T8fa1cJ68WlWpcyUI9QguAj6hOIwc/g=="
    }
  },
  "dependencies": {
    "material-icons": {
      "version": "0.7.6",
      "resolved": "https://registry.npmjs.org/material-icons/-/material-icons-0.7.6.tgz",
      "integrity": "sha512-jvMsSxU5PSlCkx+OxmBQtHMuzlbPYEhMZE69H/dDUXXXY4IHhFUZLm/T8fa1cJ68WlWpcyUI9QguAj6hOIwc/g=="
    }
  }
}
